{
  "name": "miniprogram",
  "version": "1.0.0",
  "lockfileVersion": 3,
  "requires": true,
  "packages": {
    "": {
      "name": "miniprogram",
      "version": "1.0.0",
      "license": "ISC",
      "dependencies": {
        "antd-mini": "^2.11.0"
      }
    },
    "node_modules/@mini-types/alipay": {
      "version": "3.0.11",
      "resolved": "https://registry.npmjs.org/@mini-types/alipay/-/alipay-3.0.11.tgz",
      "integrity": "sha512-6aZ3rDM/G+nKLfZJggRiEQfnVLGr8scCGtwFYqhFXxXVjVaakerT6bkrfT/QKJqj53FvHmeu+U+VlToU7zZIgg==",
      "dependencies": {
        "@mini-types/global": "3.0.11",
        "@mini-types/my": "3.0.11"
      }
    },
    "node_modules/@mini-types/global": {
      "version": "3.0.11",
      "resolved": "https://registry.npmjs.org/@mini-types/global/-/global-3.0.11.tgz",
      "integrity": "sha512-4DRSuU0l6FUv6L9ZZg3GOjajoPIMrs+XryVmPJVGPf8Sh/zAudWrAVdzNY9bi6ZCtkX8O3sqqS8KyDhoUsbLAg=="
    },
    "node_modules/@mini-types/my": {
      "version": "3.0.11",
      "resolved": "https://registry.npmjs.org/@mini-types/my/-/my-3.0.11.tgz",
      "integrity": "sha512-7JDB/xGiEIMPeM8pl1S0hsEoXt4ydxAU/Sr1pg4YyrjMjwaXarl5ukWiP2YZzEcHNVDFbKSURuHHr+lgLn/VAw=="
    },
    "node_modules/antd-mini": {
      "version": "2.11.0",
      "resolved": "https://registry.npmjs.org/antd-mini/-/antd-mini-2.11.0.tgz",
      "integrity": "sha512-GnAysyl/4Ood8eAcie5NIavAtwkVBVji+e0cIEp3NcG8/Qm4HwapwSTAQtdJxSjtJ9Pc01j7fQh9wMDbGcMcBw==",
      "dependencies": {
        "@mini-types/alipay": "^3.0.5",
        "async-validator": "^4.0.7",
        "dayjs": "^1.11.3",
        "fast-deep-equal": "3.1.3",
        "functional-mini": "^0.6.0",
        "tslib": "2.5.0"
      }
    },
    "node_modules/async-validator": {
      "version": "4.2.5",
      "resolved": "https://registry.npmjs.org/async-validator/-/async-validator-4.2.5.tgz",
      "integrity": "sha512-7HhHjtERjqlNbZtqNqy2rckN/SpOOlmDliet+lP7k+eKZEjPk3DgyeU9lIXLdeLz0uBbbVp+9Qdow9wJWgwwfg=="
    },
    "node_modules/dayjs": {
      "version": "1.11.9",
      "resolved": "https://registry.npmjs.org/dayjs/-/dayjs-1.11.9.tgz",
      "integrity": "sha512-QvzAURSbQ0pKdIye2txOzNaHmxtUBXerpY0FJsFXUMKbIZeFm5ht1LS/jFsrncjnmtv8HsG0W2g6c0zUjZWmpA=="
    },
    "node_modules/fast-deep-equal": {
      "version": "3.1.3",
      "resolved": "https://registry.npmjs.org/fast-deep-equal/-/fast-deep-equal-3.1.3.tgz",
      "integrity": "sha512-f3qQ9oQy9j2AhBe/H9VC91wLmKBCCU/gDOnKNAYG5hswO7BLKj09Hc5HYNz9cGI++xlpDCIgDaitVs03ATR84Q=="
    },
    "node_modules/functional-mini": {
      "version": "0.6.0",
      "resolved": "https://registry.npmjs.org/functional-mini/-/functional-mini-0.6.0.tgz",
      "integrity": "sha512-Ip/Bchn4sa2smKifF4qk1/TpUcboI31v7UXkZxPMSerzDazt6d5ErBJlkPpPrMxX8mEJAJC6/t4grGnmxtZSHw=="
    },
    "node_modules/tslib": {
      "version": "2.5.0",
      "resolved": "https://registry.npmjs.org/tslib/-/tslib-2.5.0.tgz",
      "integrity": "sha512-336iVw3rtn2BUK7ORdIAHTyxHGRIHVReokCR3XjbckJMK7ms8FysBfhLR8IXnAgy7T0PTPNBWKiH514FOW/WSg=="
    }
  }
}
